
Microsoft Visual Studio Solution File, Format Version 12.00
# Visual Studio Version 17
VisualStudioVersion = 17.6.33829.357
MinimumVisualStudioVersion = 10.0.40219.1
Project("{FAE04EC0-301F-11D3-BF4B-00C04F79EFBC}") = "WebApplication2", "WebApplication2\WebApplication2.csproj", "{54452E6B-E4EF-4D86-8549-32216C2EDFBA}"
EndProject
Global
	GlobalSection(SolutionConfigurationPlatforms) = preSolution
		Debug|Any CPU = Debug|Any CPU
		Release|Any CPU = Release|Any CPU
	EndGlobalSection
	GlobalSection(ProjectConfigurationPlatforms) = postSolution
		{54452E6B-E4EF-4D86-8549-32216C2EDFBA}.Debug|Any CPU.ActiveCfg = Debug|Any CPU
		{54452E6B-E4EF-4D86-8549-32216C2EDFBA}.Debug|Any CPU.Build.0 = Debug|Any CPU
		{54452E6B-E4EF-4D86-8549-32216C2EDFBA}.Release|Any CPU.ActiveCfg = Release|Any CPU
		{54452E6B-E4EF-4D86-8549-32216C2EDFBA}.Release|Any CPU.Build.0 = Release|Any CPU
	EndGlobalSection
	GlobalSection(SolutionProperties) = preSolution
		HideSolutionNode = FALSE
	EndGlobalSection
	GlobalSection(ExtensibilityGlobals) = postSolution
		SolutionGuid = {BCE682CA-8BF9-41C9-A99A-67C8F690F9A6}
	EndGlobalSection
EndGlobal
