
Microsoft Visual Studio Solution File, Format Version 12.00
# Visual Studio Version 17
VisualStudioVersion = 17.6.33829.357
MinimumVisualStudioVersion = 10.0.40219.1
Project("{FAE04EC0-301F-11D3-BF4B-00C04F79EFBC}") = "ConsoleApp6", "ConsoleApp6\ConsoleApp6.csproj", "{B228671F-A05A-428C-A8D1-BAB47205931E}"
EndProject
Global
	GlobalSection(SolutionConfigurationPlatforms) = preSolution
		Debug|Any CPU = Debug|Any CPU
		Release|Any CPU = Release|Any CPU
	EndGlobalSection
	GlobalSection(ProjectConfigurationPlatforms) = postSolution
		{B228671F-A05A-428C-A8D1-BAB47205931E}.Debug|Any CPU.ActiveCfg = Debug|Any CPU
		{B228671F-A05A-428C-A8D1-BAB47205931E}.Debug|Any CPU.Build.0 = Debug|Any CPU
		{B228671F-A05A-428C-A8D1-BAB47205931E}.Release|Any CPU.ActiveCfg = Release|Any CPU
		{B228671F-A05A-428C-A8D1-BAB47205931E}.Release|Any CPU.Build.0 = Release|Any CPU
	EndGlobalSection
	GlobalSection(SolutionProperties) = preSolution
		HideSolutionNode = FALSE
	EndGlobalSection
	GlobalSection(ExtensibilityGlobals) = postSolution
		SolutionGuid = {3CA749EE-8274-4708-9DA3-9649727F524F}
	EndGlobalSection
EndGlobal
