
Microsoft Visual Studio Solution File, Format Version 12.00
# Visual Studio Version 17
VisualStudioVersion = 17.6.33829.357
MinimumVisualStudioVersion = 10.0.40219.1
Project("{FAE04EC0-301F-11D3-BF4B-00C04F79EFBC}") = "ConsoleApp5", "ConsoleApp5\ConsoleApp5.csproj", "{B630E13A-F627-4AE6-8F23-2EC63C8AFB17}"
EndProject
Global
	GlobalSection(SolutionConfigurationPlatforms) = preSolution
		Debug|Any CPU = Debug|Any CPU
		Release|Any CPU = Release|Any CPU
	EndGlobalSection
	GlobalSection(ProjectConfigurationPlatforms) = postSolution
		{B630E13A-F627-4AE6-8F23-2EC63C8AFB17}.Debug|Any CPU.ActiveCfg = Debug|Any CPU
		{B630E13A-F627-4AE6-8F23-2EC63C8AFB17}.Debug|Any CPU.Build.0 = Debug|Any CPU
		{B630E13A-F627-4AE6-8F23-2EC63C8AFB17}.Release|Any CPU.ActiveCfg = Release|Any CPU
		{B630E13A-F627-4AE6-8F23-2EC63C8AFB17}.Release|Any CPU.Build.0 = Release|Any CPU
	EndGlobalSection
	GlobalSection(SolutionProperties) = preSolution
		HideSolutionNode = FALSE
	EndGlobalSection
	GlobalSection(ExtensibilityGlobals) = postSolution
		SolutionGuid = {46F183B4-B06F-4064-85E3-A957AEEA4EF5}
	EndGlobalSection
EndGlobal
