
Microsoft Visual Studio Solution File, Format Version 12.00
# Visual Studio Version 17
VisualStudioVersion = 17.6.33829.357
MinimumVisualStudioVersion = 10.0.40219.1
Project("{FAE04EC0-301F-11D3-BF4B-00C04F79EFBC}") = "ClassLibraryMA", "ClassLibraryMA\ClassLibraryMA.csproj", "{D90EF7BA-2317-43C5-867D-AEDEC30DEDDF}"
EndProject
Project("{FAE04EC0-301F-11D3-BF4B-00C04F79EFBC}") = "TestProject1", "TestProject1\TestProject1.csproj", "{C29AA14F-3C04-4C3B-A017-CCEB88A2DD24}"
EndProject
Global
	GlobalSection(SolutionConfigurationPlatforms) = preSolution
		Debug|Any CPU = Debug|Any CPU
		Release|Any CPU = Release|Any CPU
	EndGlobalSection
	GlobalSection(ProjectConfigurationPlatforms) = postSolution
		{D90EF7BA-2317-43C5-867D-AEDEC30DEDDF}.Debug|Any CPU.ActiveCfg = Debug|Any CPU
		{D90EF7BA-2317-43C5-867D-AEDEC30DEDDF}.Debug|Any CPU.Build.0 = Debug|Any CPU
		{D90EF7BA-2317-43C5-867D-AEDEC30DEDDF}.Release|Any CPU.ActiveCfg = Release|Any CPU
		{D90EF7BA-2317-43C5-867D-AEDEC30DEDDF}.Release|Any CPU.Build.0 = Release|Any CPU
		{C29AA14F-3C04-4C3B-A017-CCEB88A2DD24}.Debug|Any CPU.ActiveCfg = Debug|Any CPU
		{C29AA14F-3C04-4C3B-A017-CCEB88A2DD24}.Debug|Any CPU.Build.0 = Debug|Any CPU
		{C29AA14F-3C04-4C3B-A017-CCEB88A2DD24}.Release|Any CPU.ActiveCfg = Release|Any CPU
		{C29AA14F-3C04-4C3B-A017-CCEB88A2DD24}.Release|Any CPU.Build.0 = Release|Any CPU
	EndGlobalSection
	GlobalSection(SolutionProperties) = preSolution
		HideSolutionNode = FALSE
	EndGlobalSection
	GlobalSection(ExtensibilityGlobals) = postSolution
		SolutionGuid = {F2E49FEA-7A00-44A2-952B-D01E37050508}
	EndGlobalSection
EndGlobal
